
Microsoft Visual Studio Solution File, Format Version 12.00
# Visual Studio Version 16
VisualStudioVersion = 16.0.32228.343
MinimumVisualStudioVersion = 10.0.40219.1
Project("{FAE04EC0-301F-11D3-BF4B-00C04F79EFBC}") = "TODO", "TODO\TODO.csproj", "{4C008A61-D887-45C3-BFB1-E8E629551EC1}"
EndProject
Global
	GlobalSection(SolutionConfigurationPlatforms) = preSolution
		Debug|Any CPU = Debug|Any CPU
		Release|Any CPU = Release|Any CPU
	EndGlobalSection
	GlobalSection(ProjectConfigurationPlatforms) = postSolution
		{4C008A61-D887-45C3-BFB1-E8E629551EC1}.Debug|Any CPU.ActiveCfg = Debug|Any CPU
		{4C008A61-D887-45C3-BFB1-E8E629551EC1}.Debug|Any CPU.Build.0 = Debug|Any CPU
		{4C008A61-D887-45C3-BFB1-E8E629551EC1}.Release|Any CPU.ActiveCfg = Release|Any CPU
		{4C008A61-D887-45C3-BFB1-E8E629551EC1}.Release|Any CPU.Build.0 = Release|Any CPU
	EndGlobalSection
	GlobalSection(SolutionProperties) = preSolution
		HideSolutionNode = FALSE
	EndGlobalSection
	GlobalSection(ExtensibilityGlobals) = postSolution
		SolutionGuid = {9FFED45F-AB7F-43BE-83B5-D08EBD59D663}
	EndGlobalSection
EndGlobal
